
Microsoft Visual Studio Solution File, Format Version 12.00
# Visual Studio Version 16
VisualStudioVersion = 16.0.29306.81
MinimumVisualStudioVersion = 10.0.40219.1
Project("{FAE04EC0-301F-11D3-BF4B-00C04F79EFBC}") = "Distance Calculator (Number 1)", "Distance Calculator (Number 1).csproj", "{AD0E7F2F-6CF1-4259-9ACE-EB5953D318EE}"
EndProject
Global
	GlobalSection(SolutionConfigurationPlatforms) = preSolution
		Debug|Any CPU = Debug|Any CPU
		Release|Any CPU = Release|Any CPU
	EndGlobalSection
	GlobalSection(ProjectConfigurationPlatforms) = postSolution
		{AD0E7F2F-6CF1-4259-9ACE-EB5953D318EE}.Debug|Any CPU.ActiveCfg = Debug|Any CPU
		{AD0E7F2F-6CF1-4259-9ACE-EB5953D318EE}.Debug|Any CPU.Build.0 = Debug|Any CPU
		{AD0E7F2F-6CF1-4259-9ACE-EB5953D318EE}.Release|Any CPU.ActiveCfg = Release|Any CPU
		{AD0E7F2F-6CF1-4259-9ACE-EB5953D318EE}.Release|Any CPU.Build.0 = Release|Any CPU
	EndGlobalSection
	GlobalSection(SolutionProperties) = preSolution
		HideSolutionNode = FALSE
	EndGlobalSection
	GlobalSection(ExtensibilityGlobals) = postSolution
		SolutionGuid = {D67D2F52-76D8-4C7C-B90F-F0B7EA7666E9}
	EndGlobalSection
EndGlobal
